
Microsoft Visual Studio Solution File, Format Version 12.00
# Visual Studio 15
Project("{FAE04EC0-301F-11D3-BF4B-00C04F79EFBC}") = "Assembly-CSharp", "Assembly-CSharp.csproj", "{EF1BD4AA-8C29-BF92-898B-D927D2E70C49}"
EndProject
Project("{FAE04EC0-301F-11D3-BF4B-00C04F79EFBC}") = "Assembly-CSharp-Editor", "Assembly-CSharp-Editor.csproj", "{E712A022-89AD-86EA-4C2A-68BA986D4675}"
EndProject
Global
	GlobalSection(SolutionConfigurationPlatforms) = preSolution
		Debug|Any CPU = Debug|Any CPU
		Release|Any CPU = Release|Any CPU
	EndGlobalSection
	GlobalSection(ProjectConfigurationPlatforms) = postSolution
		{EF1BD4AA-8C29-BF92-898B-D927D2E70C49}.Debug|Any CPU.ActiveCfg = Debug|Any CPU
		{EF1BD4AA-8C29-BF92-898B-D927D2E70C49}.Debug|Any CPU.Build.0 = Debug|Any CPU
		{EF1BD4AA-8C29-BF92-898B-D927D2E70C49}.Release|Any CPU.ActiveCfg = Release|Any CPU
		{EF1BD4AA-8C29-BF92-898B-D927D2E70C49}.Release|Any CPU.Build.0 = Release|Any CPU
		{E712A022-89AD-86EA-4C2A-68BA986D4675}.Debug|Any CPU.ActiveCfg = Debug|Any CPU
		{E712A022-89AD-86EA-4C2A-68BA986D4675}.Debug|Any CPU.Build.0 = Debug|Any CPU
		{E712A022-89AD-86EA-4C2A-68BA986D4675}.Release|Any CPU.ActiveCfg = Release|Any CPU
		{E712A022-89AD-86EA-4C2A-68BA986D4675}.Release|Any CPU.Build.0 = Release|Any CPU
	EndGlobalSection
	GlobalSection(SolutionProperties) = preSolution
		HideSolutionNode = FALSE
	EndGlobalSection
EndGlobal
